
Microsoft Visual Studio Solution File, Format Version 12.00
# Visual Studio Version 16
VisualStudioVersion = 16.0.31112.23
MinimumVisualStudioVersion = 10.0.40219.1
Project("{8BC9CEB8-8B4A-11D0-8D11-00A0C91BC942}") = "UnitTest", "UnitTest\UnitTest.vcxproj", "{656C0873-949B-43D6-B942-73DFC816D0C8}"
EndProject
Project("{8BC9CEB8-8B4A-11D0-8D11-00A0C91BC942}") = "BreakEvenPoint", "BreakEvenPoint\BreakEvenPoint.vcxproj", "{E04F050D-343D-43B8-BD1E-E33929A8063F}"
EndProject
Project("{2150E333-8FDC-42A3-9474-1A3956D46DE8}") = "beakjoon", "beakjoon", "{2F61C196-CC63-4A94-BB50-BD9482A8F9BD}"
EndProject
Project("{2150E333-8FDC-42A3-9474-1A3956D46DE8}") = "basics math", "basics math", "{E089126E-CD6C-4F7E-BB79-BFEE7975C7E4}"
EndProject
Project("{2150E333-8FDC-42A3-9474-1A3956D46DE8}") = "brute force", "brute force", "{7CA10C35-3461-4FB1-83C8-4642DC5BAE6B}"
EndProject
Project("{8BC9CEB8-8B4A-11D0-8D11-00A0C91BC942}") = "blackjack", "blackjack\blackjack.vcxproj", "{10E1D68D-85A1-4269-9DF3-12595557934A}"
EndProject
Project("{2150E333-8FDC-42A3-9474-1A3956D46DE8}") = "greedy", "greedy", "{10DF61CE-07DF-46AF-AA8C-10421A28F1B4}"
EndProject
Project("{8BC9CEB8-8B4A-11D0-8D11-00A0C91BC942}") = "Coin0", "Coin0\Coin0.vcxproj", "{1DD12603-FBE7-49F6-AFBA-7F8217A9CA0B}"
EndProject
Project("{2150E333-8FDC-42A3-9474-1A3956D46DE8}") = "two pointer", "two pointer", "{CD10246F-32B5-4BEE-A8DA-C26E41FFBA66}"
EndProject
Project("{8BC9CEB8-8B4A-11D0-8D11-00A0C91BC942}") = "TwoNumberSum", "TwoNumberSum\TwoNumberSum.vcxproj", "{0282FEEC-86D4-4CB1-AC25-C9D5C62E98E5}"
EndProject
Project("{2150E333-8FDC-42A3-9474-1A3956D46DE8}") = "dynamic programming", "dynamic programming", "{84503FD4-5D2E-4FC1-AE12-0764F2EC9E92}"
EndProject
Project("{8BC9CEB8-8B4A-11D0-8D11-00A0C91BC942}") = "set", "set\set.vcxproj", "{F1A02474-7613-4E75-8755-1E739C9B193C}"
EndProject
Project("{8BC9CEB8-8B4A-11D0-8D11-00A0C91BC942}") = "DecideWork1", "DecideWork1\DecideWork1.vcxproj", "{17C6374F-C228-4EF1-9524-FCD091CB40A0}"
EndProject
Project("{8BC9CEB8-8B4A-11D0-8D11-00A0C91BC942}") = "TravelingSalesmanProblem", "TravelingSalesmanProblem\TravelingSalesmanProblem.vcxproj", "{093922A5-EEC4-45A4-AC94-8F1B76B0B832}"
EndProject
Project("{8BC9CEB8-8B4A-11D0-8D11-00A0C91BC942}") = "Sort", "Sort\Sort.vcxproj", "{BB9F7DFD-2C6F-41F1-A1B7-9D491EB39E70}"
EndProject
Project("{8BC9CEB8-8B4A-11D0-8D11-00A0C91BC942}") = "DataStructure", "DataStructure\DataStructure.vcxproj", "{DBC7A6B1-2666-4803-9858-12F18BB2C27F}"
EndProject
Project("{8BC9CEB8-8B4A-11D0-8D11-00A0C91BC942}") = "BigNumberA+B", "BigNumberA+B\BigNumberA+B.vcxproj", "{E4F94EEC-14B5-49ED-9841-75A19426E9A5}"
EndProject
Project("{2150E333-8FDC-42A3-9474-1A3956D46DE8}") = "input output", "input output", "{B72B90C2-2545-447E-9174-F2620807A87E}"
EndProject
Project("{8BC9CEB8-8B4A-11D0-8D11-00A0C91BC942}") = "cat", "cat\cat.vcxproj", "{B419CDE3-2CA9-4517-B970-4C48944A5ABD}"
EndProject
Project("{8BC9CEB8-8B4A-11D0-8D11-00A0C91BC942}") = "dog", "dog\dog.vcxproj", "{F7E8EFC3-9207-4396-B742-39968873881C}"
EndProject
Project("{8BC9CEB8-8B4A-11D0-8D11-00A0C91BC942}") = "A_divide_B", "A_divide_B\A_divide_B.vcxproj", "{C31457CD-A96E-4290-BA96-52B383727C63}"
EndProject
Project("{8BC9CEB8-8B4A-11D0-8D11-00A0C91BC942}") = "remainder", "remainder\remainder.vcxproj", "{2EC482C7-E9DE-42F0-A873-C9F589A167D8}"
EndProject
Project("{8BC9CEB8-8B4A-11D0-8D11-00A0C91BC942}") = "multiply", "multiply\multiply.vcxproj", "{085B0EED-4949-42E5-BF01-A8BDA56869BF}"
EndProject
Project("{2150E333-8FDC-42A3-9474-1A3956D46DE8}") = "string", "string", "{CCDA0DA0-908D-4C2B-9F2C-53BB56C91C51}"
EndProject
Project("{8BC9CEB8-8B4A-11D0-8D11-00A0C91BC942}") = "alphabet", "alphabet\alphabet.vcxproj", "{0E9B635C-7B09-4DD3-9BC7-35158C2C7C3A}"
EndProject
Project("{8BC9CEB8-8B4A-11D0-8D11-00A0C91BC942}") = "string_repeat", "string_repeat\string_repeat.vcxproj", "{57DFDC2C-D83B-424D-A92F-5ECF213E911E}"
EndProject
Project("{8BC9CEB8-8B4A-11D0-8D11-00A0C91BC942}") = "WordStudy", "WordStudy\WordStudy.vcxproj", "{E6AD4993-BBEE-49C6-82C9-6F7292205431}"
EndProject
Project("{8BC9CEB8-8B4A-11D0-8D11-00A0C91BC942}") = "WordCount", "WordCount\WordCount.vcxproj", "{E01D57E7-4260-42F9-9827-D13A49A039C2}"
EndProject
Project("{8BC9CEB8-8B4A-11D0-8D11-00A0C91BC942}") = "const", "const\const.vcxproj", "{0B7FF940-E3AD-468B-884E-121C8BC54434}"
EndProject
Project("{8BC9CEB8-8B4A-11D0-8D11-00A0C91BC942}") = "CroatiaAlphabet", "CroatiaAlphabet\CroatiaAlphabet.vcxproj", "{771345BF-CE98-4202-ADF6-68242841F2D0}"
EndProject
Project("{8BC9CEB8-8B4A-11D0-8D11-00A0C91BC942}") = "GroupWordChecker", "GroupWordChecker\GroupWordChecker.vcxproj", "{99D92694-C68F-43D4-8E13-BE86116FB4D6}"
EndProject
Project("{8BC9CEB8-8B4A-11D0-8D11-00A0C91BC942}") = "hive", "hive\hive.vcxproj", "{2A072EE4-2A5C-48D8-A9EF-3D6D6AF7E260}"
EndProject
Project("{8BC9CEB8-8B4A-11D0-8D11-00A0C91BC942}") = "FractionSearch", "FractionSearch\FractionSearch.vcxproj", "{EF9DD8C7-9732-428E-8C7F-D11CCC0DDD28}"
EndProject
Project("{8BC9CEB8-8B4A-11D0-8D11-00A0C91BC942}") = "SnailWantsToGoUp", "SnailWantsToGoUp\SnailWantsToGoUp.vcxproj", "{384C1CBE-C433-441A-9966-589EA08960D9}"
EndProject
Project("{8BC9CEB8-8B4A-11D0-8D11-00A0C91BC942}") = "ACM_Hotel", "ACM_Hotel\ACM_Hotel.vcxproj", "{D4128DF1-7ABC-4352-BA1E-C6370D5EE9FD}"
EndProject
Project("{8BC9CEB8-8B4A-11D0-8D11-00A0C91BC942}") = "2775", "2775\2775.vcxproj", "{43BC7411-98F1-4A24-90A5-6D9FE3A7E103}"
EndProject
Project("{8BC9CEB8-8B4A-11D0-8D11-00A0C91BC942}") = "2839", "2839\2839.vcxproj", "{74EA9D2A-8A0C-4492-A902-F3A3D15E1865}"
EndProject
Project("{8BC9CEB8-8B4A-11D0-8D11-00A0C91BC942}") = "FlymetotheAlphaCentauri", "FlymetotheAlphaCentauri\FlymetotheAlphaCentauri.vcxproj", "{C6EFB8CA-52CD-4468-9218-F1A5FE008487}"
EndProject
Project("{2150E333-8FDC-42A3-9474-1A3956D46DE8}") = "basics math2", "basics math2", "{E8E25FCF-22C5-4378-9979-9C8C2F4C335E}"
EndProject
Project("{8BC9CEB8-8B4A-11D0-8D11-00A0C91BC942}") = "PrimeSearch", "PrimeSearch\PrimeSearch.vcxproj", "{0F7143CE-BD3C-41EE-940A-58E6EBA2C503}"
EndProject
Project("{8BC9CEB8-8B4A-11D0-8D11-00A0C91BC942}") = "Prime", "Prime\Prime.vcxproj", "{CBD74C70-E687-41DF-8C93-BD82ED9AF265}"
EndProject
Project("{8BC9CEB8-8B4A-11D0-8D11-00A0C91BC942}") = "PrimeFactoriztion", "PrimeFactoriztion\PrimeFactoriztion.vcxproj", "{CCBA6F10-07CC-49CB-B516-C150964D7978}"
EndProject
Project("{8BC9CEB8-8B4A-11D0-8D11-00A0C91BC942}") = "PrimeFind", "PrimeFind\PrimeFind.vcxproj", "{D4FE92D3-786F-4B7E-BD69-FDA519B3893E}"
EndProject
Project("{8BC9CEB8-8B4A-11D0-8D11-00A0C91BC942}") = "Bertrand", "Bertrand\Bertrand.vcxproj", "{9145A064-2409-487B-BBDC-3B2ADA9628C8}"
EndProject
Project("{8BC9CEB8-8B4A-11D0-8D11-00A0C91BC942}") = "TaxiCabGeometry", "TaxiCabGeometry\TaxiCabGeometry.vcxproj", "{4D6547A1-BE8B-4ACB-ABAF-3611CEFE2430}"
EndProject
Project("{8BC9CEB8-8B4A-11D0-8D11-00A0C91BC942}") = "Turret", "Turret\Turret.vcxproj", "{46A5BEF6-0C4C-450A-B165-8F0BD4208239}"
EndProject
Project("{8BC9CEB8-8B4A-11D0-8D11-00A0C91BC942}") = "RightTriangle", "RightTriangle\RightTriangle.vcxproj", "{956C5A49-FD31-4229-9947-B71E1CFBC943}"
EndProject
Project("{8BC9CEB8-8B4A-11D0-8D11-00A0C91BC942}") = "FourthPoint", "FourthPoint\FourthPoint.vcxproj", "{8B5E06E0-1507-4A35-B9EA-BC78268D2560}"
EndProject
Project("{8BC9CEB8-8B4A-11D0-8D11-00A0C91BC942}") = "RectangleEscape", "RectangleEscape\RectangleEscape.vcxproj", "{659AD411-27CE-4D67-9B03-6D3BA2E45851}"
EndProject
Project("{8BC9CEB8-8B4A-11D0-8D11-00A0C91BC942}") = "GoldbachConjecture", "GoldbachConjecture\GoldbachConjecture.vcxproj", "{3CB6B69E-95FE-4AE9-B724-60F6217A561D}"
EndProject
Project("{2150E333-8FDC-42A3-9474-1A3956D46DE8}") = "recursive", "recursive", "{15373386-0EE5-48F4-9EE2-9A52D8835B86}"
EndProject
Project("{8BC9CEB8-8B4A-11D0-8D11-00A0C91BC942}") = "factorial", "factorial\factorial.vcxproj", "{491AA4AC-DB2A-4F71-B30A-A6BF183177B8}"
EndProject
Project("{8BC9CEB8-8B4A-11D0-8D11-00A0C91BC942}") = "FibonacciNumber", "FibonacciNumber\FibonacciNumber.vcxproj", "{068417C2-A8F8-4896-BDA3-3D23EA4CDDAF}"
EndProject
Project("{8BC9CEB8-8B4A-11D0-8D11-00A0C91BC942}") = "StarMark", "StarMark\StarMark.vcxproj", "{5C0DC1B3-7881-4B1A-8860-E05F6F1C4A9F}"
EndProject
Project("{8BC9CEB8-8B4A-11D0-8D11-00A0C91BC942}") = "HanoiTower", "HanoiTower\HanoiTower.vcxproj", "{B87710AC-0D53-4B45-A89C-D0C753D4C5F1}"
EndProject
Project("{8BC9CEB8-8B4A-11D0-8D11-00A0C91BC942}") = "DisassembleSum", "DisassembleSum\DisassembleSum.vcxproj", "{69578B12-110D-4190-AEA3-A652F0B1D643}"
EndProject
Project("{8BC9CEB8-8B4A-11D0-8D11-00A0C91BC942}") = "body", "body\body.vcxproj", "{88ECA7F0-F27E-43A8-A8AD-840AC654ADE2}"
EndProject
Project("{8BC9CEB8-8B4A-11D0-8D11-00A0C91BC942}") = "chessboard", "chessboard\chessboard.vcxproj", "{4DD8F8BE-522A-4E1A-8C04-61B0412DD551}"
EndProject
Project("{8BC9CEB8-8B4A-11D0-8D11-00A0C91BC942}") = "MovieDirectorShawm", "MovieDirectorShawm\MovieDirectorShawm.vcxproj", "{A4022F42-DCE0-4A70-B004-C937CE580402}"
EndProject
Project("{2150E333-8FDC-42A3-9474-1A3956D46DE8}") = "sort", "sort", "{2277DAB0-7998-46D6-A85C-44B473582026}"
EndProject
Project("{8BC9CEB8-8B4A-11D0-8D11-00A0C91BC942}") = "NumberSort", "NumberSort\NumberSort.vcxproj", "{0E964775-D357-4694-B1DB-192B3D0646C4}"
EndProject
Project("{8BC9CEB8-8B4A-11D0-8D11-00A0C91BC942}") = "NumberSort3", "NumberSort3\NumberSort3.vcxproj", "{E12FDA35-F0F9-46F1-9717-0C1867F8511D}"
EndProject
Project("{8BC9CEB8-8B4A-11D0-8D11-00A0C91BC942}") = "statistics", "statistics\statistics.vcxproj", "{208150CC-5BBC-48C0-82B4-5D65E66C9FF8}"
EndProject
Project("{8BC9CEB8-8B4A-11D0-8D11-00A0C91BC942}") = "SortInside", "SortInside\SortInside.vcxproj", "{01A626A6-E621-4C9C-9A81-09D399E07B6A}"
EndProject
Project("{8BC9CEB8-8B4A-11D0-8D11-00A0C91BC942}") = "CoordinateSort", "CoordinateSort\CoordinateSort.vcxproj", "{C8F81B87-C166-49B8-BD91-A57030E2C7F5}"
EndProject
Project("{8BC9CEB8-8B4A-11D0-8D11-00A0C91BC942}") = "CoordinateSort2", "CoordinateSort2\CoordinateSort2.vcxproj", "{4316B510-D65A-4E0B-B5DA-524B9C816B7B}"
EndProject
Project("{8BC9CEB8-8B4A-11D0-8D11-00A0C91BC942}") = "WordSort", "WordSort\WordSort.vcxproj", "{D425C371-D6D5-425A-B1AE-5C5CB5535771}"
EndProject
Project("{8BC9CEB8-8B4A-11D0-8D11-00A0C91BC942}") = "AgeSort", "AgeSort\AgeSort.vcxproj", "{E11FF7CC-3AA6-4518-8B5A-B615A557DB31}"
EndProject
Project("{8BC9CEB8-8B4A-11D0-8D11-00A0C91BC942}") = "CoordinateCompress", "CoordinateCompress\CoordinateCompress.vcxproj", "{D2D0B850-1BBB-4960-B67A-B48709213D8C}"
EndProject
Project("{2150E333-8FDC-42A3-9474-1A3956D46DE8}") = "backtracking", "backtracking", "{D7C2D034-EECE-4C51-BAD4-3548B28D3510}"
EndProject
Project("{8BC9CEB8-8B4A-11D0-8D11-00A0C91BC942}") = "NandM(1)", "NandM(1)\NandM(1).vcxproj", "{0D1779B2-2D7D-437D-A075-EE9D20821C5E}"
EndProject
Project("{8BC9CEB8-8B4A-11D0-8D11-00A0C91BC942}") = "NandM(2)", "NandM(2)\NandM(2).vcxproj", "{5EFD4BFF-9C85-4B3B-8334-2A37AE718A01}"
EndProject
Project("{8BC9CEB8-8B4A-11D0-8D11-00A0C91BC942}") = "NandM(3)", "NandM(3)\NandM(3).vcxproj", "{DF70D6EB-BA48-494E-B2AD-05B891618815}"
EndProject
Project("{8BC9CEB8-8B4A-11D0-8D11-00A0C91BC942}") = "NandM(4)", "NandM(4)\NandM(4).vcxproj", "{4032CEB8-5986-4016-9711-441499F5FA3F}"
EndProject
Project("{8BC9CEB8-8B4A-11D0-8D11-00A0C91BC942}") = "NQueen", "NQueen\NQueen.vcxproj", "{A0F9EE3C-9E8F-405D-B64D-9A441CDF6553}"
EndProject
Global
	GlobalSection(SolutionConfigurationPlatforms) = preSolution
		Debug|x64 = Debug|x64
		Debug|x86 = Debug|x86
		Release|x64 = Release|x64
		Release|x86 = Release|x86
	EndGlobalSection
	GlobalSection(ProjectConfigurationPlatforms) = postSolution
		{656C0873-949B-43D6-B942-73DFC816D0C8}.Debug|x64.ActiveCfg = Debug|x64
		{656C0873-949B-43D6-B942-73DFC816D0C8}.Debug|x64.Build.0 = Debug|x64
		{656C0873-949B-43D6-B942-73DFC816D0C8}.Debug|x86.ActiveCfg = Debug|Win32
		{656C0873-949B-43D6-B942-73DFC816D0C8}.Debug|x86.Build.0 = Debug|Win32
		{656C0873-949B-43D6-B942-73DFC816D0C8}.Release|x64.ActiveCfg = Release|x64
		{656C0873-949B-43D6-B942-73DFC816D0C8}.Release|x64.Build.0 = Release|x64
		{656C0873-949B-43D6-B942-73DFC816D0C8}.Release|x86.ActiveCfg = Release|Win32
		{656C0873-949B-43D6-B942-73DFC816D0C8}.Release|x86.Build.0 = Release|Win32
		{E04F050D-343D-43B8-BD1E-E33929A8063F}.Debug|x64.ActiveCfg = Debug|x64
		{E04F050D-343D-43B8-BD1E-E33929A8063F}.Debug|x64.Build.0 = Debug|x64
		{E04F050D-343D-43B8-BD1E-E33929A8063F}.Debug|x86.ActiveCfg = Debug|Win32
		{E04F050D-343D-43B8-BD1E-E33929A8063F}.Debug|x86.Build.0 = Debug|Win32
		{E04F050D-343D-43B8-BD1E-E33929A8063F}.Release|x64.ActiveCfg = Release|x64
		{E04F050D-343D-43B8-BD1E-E33929A8063F}.Release|x64.Build.0 = Release|x64
		{E04F050D-343D-43B8-BD1E-E33929A8063F}.Release|x86.ActiveCfg = Release|Win32
		{E04F050D-343D-43B8-BD1E-E33929A8063F}.Release|x86.Build.0 = Release|Win32
		{10E1D68D-85A1-4269-9DF3-12595557934A}.Debug|x64.ActiveCfg = Debug|x64
		{10E1D68D-85A1-4269-9DF3-12595557934A}.Debug|x64.Build.0 = Debug|x64
		{10E1D68D-85A1-4269-9DF3-12595557934A}.Debug|x86.ActiveCfg = Debug|Win32
		{10E1D68D-85A1-4269-9DF3-12595557934A}.Debug|x86.Build.0 = Debug|Win32
		{10E1D68D-85A1-4269-9DF3-12595557934A}.Release|x64.ActiveCfg = Release|x64
		{10E1D68D-85A1-4269-9DF3-12595557934A}.Release|x64.Build.0 = Release|x64
		{10E1D68D-85A1-4269-9DF3-12595557934A}.Release|x86.ActiveCfg = Release|Win32
		{10E1D68D-85A1-4269-9DF3-12595557934A}.Release|x86.Build.0 = Release|Win32
		{1DD12603-FBE7-49F6-AFBA-7F8217A9CA0B}.Debug|x64.ActiveCfg = Debug|x64
		{1DD12603-FBE7-49F6-AFBA-7F8217A9CA0B}.Debug|x64.Build.0 = Debug|x64
		{1DD12603-FBE7-49F6-AFBA-7F8217A9CA0B}.Debug|x86.ActiveCfg = Debug|Win32
		{1DD12603-FBE7-49F6-AFBA-7F8217A9CA0B}.Debug|x86.Build.0 = Debug|Win32
		{1DD12603-FBE7-49F6-AFBA-7F8217A9CA0B}.Release|x64.ActiveCfg = Release|x64
		{1DD12603-FBE7-49F6-AFBA-7F8217A9CA0B}.Release|x64.Build.0 = Release|x64
		{1DD12603-FBE7-49F6-AFBA-7F8217A9CA0B}.Release|x86.ActiveCfg = Release|Win32
		{1DD12603-FBE7-49F6-AFBA-7F8217A9CA0B}.Release|x86.Build.0 = Release|Win32
		{0282FEEC-86D4-4CB1-AC25-C9D5C62E98E5}.Debug|x64.ActiveCfg = Debug|x64
		{0282FEEC-86D4-4CB1-AC25-C9D5C62E98E5}.Debug|x64.Build.0 = Debug|x64
		{0282FEEC-86D4-4CB1-AC25-C9D5C62E98E5}.Debug|x86.ActiveCfg = Debug|Win32
		{0282FEEC-86D4-4CB1-AC25-C9D5C62E98E5}.Debug|x86.Build.0 = Debug|Win32
		{0282FEEC-86D4-4CB1-AC25-C9D5C62E98E5}.Release|x64.ActiveCfg = Release|x64
		{0282FEEC-86D4-4CB1-AC25-C9D5C62E98E5}.Release|x64.Build.0 = Release|x64
		{0282FEEC-86D4-4CB1-AC25-C9D5C62E98E5}.Release|x86.ActiveCfg = Release|Win32
		{0282FEEC-86D4-4CB1-AC25-C9D5C62E98E5}.Release|x86.Build.0 = Release|Win32
		{F1A02474-7613-4E75-8755-1E739C9B193C}.Debug|x64.ActiveCfg = Debug|x64
		{F1A02474-7613-4E75-8755-1E739C9B193C}.Debug|x64.Build.0 = Debug|x64
		{F1A02474-7613-4E75-8755-1E739C9B193C}.Debug|x86.ActiveCfg = Debug|Win32
		{F1A02474-7613-4E75-8755-1E739C9B193C}.Debug|x86.Build.0 = Debug|Win32
		{F1A02474-7613-4E75-8755-1E739C9B193C}.Release|x64.ActiveCfg = Release|x64
		{F1A02474-7613-4E75-8755-1E739C9B193C}.Release|x64.Build.0 = Release|x64
		{F1A02474-7613-4E75-8755-1E739C9B193C}.Release|x86.ActiveCfg = Release|Win32
		{F1A02474-7613-4E75-8755-1E739C9B193C}.Release|x86.Build.0 = Release|Win32
		{17C6374F-C228-4EF1-9524-FCD091CB40A0}.Debug|x64.ActiveCfg = Debug|x64
		{17C6374F-C228-4EF1-9524-FCD091CB40A0}.Debug|x64.Build.0 = Debug|x64
		{17C6374F-C228-4EF1-9524-FCD091CB40A0}.Debug|x86.ActiveCfg = Debug|Win32
		{17C6374F-C228-4EF1-9524-FCD091CB40A0}.Debug|x86.Build.0 = Debug|Win32
		{17C6374F-C228-4EF1-9524-FCD091CB40A0}.Release|x64.ActiveCfg = Release|x64
		{17C6374F-C228-4EF1-9524-FCD091CB40A0}.Release|x64.Build.0 = Release|x64
		{17C6374F-C228-4EF1-9524-FCD091CB40A0}.Release|x86.ActiveCfg = Release|Win32
		{17C6374F-C228-4EF1-9524-FCD091CB40A0}.Release|x86.Build.0 = Release|Win32
		{093922A5-EEC4-45A4-AC94-8F1B76B0B832}.Debug|x64.ActiveCfg = Debug|x64
		{093922A5-EEC4-45A4-AC94-8F1B76B0B832}.Debug|x64.Build.0 = Debug|x64
		{093922A5-EEC4-45A4-AC94-8F1B76B0B832}.Debug|x86.ActiveCfg = Debug|Win32
		{093922A5-EEC4-45A4-AC94-8F1B76B0B832}.Debug|x86.Build.0 = Debug|Win32
		{093922A5-EEC4-45A4-AC94-8F1B76B0B832}.Release|x64.ActiveCfg = Release|x64
		{093922A5-EEC4-45A4-AC94-8F1B76B0B832}.Release|x64.Build.0 = Release|x64
		{093922A5-EEC4-45A4-AC94-8F1B76B0B832}.Release|x86.ActiveCfg = Release|Win32
		{093922A5-EEC4-45A4-AC94-8F1B76B0B832}.Release|x86.Build.0 = Release|Win32
		{BB9F7DFD-2C6F-41F1-A1B7-9D491EB39E70}.Debug|x64.ActiveCfg = Debug|x64
		{BB9F7DFD-2C6F-41F1-A1B7-9D491EB39E70}.Debug|x64.Build.0 = Debug|x64
		{BB9F7DFD-2C6F-41F1-A1B7-9D491EB39E70}.Debug|x86.ActiveCfg = Debug|Win32
		{BB9F7DFD-2C6F-41F1-A1B7-9D491EB39E70}.Debug|x86.Build.0 = Debug|Win32
		{BB9F7DFD-2C6F-41F1-A1B7-9D491EB39E70}.Release|x64.ActiveCfg = Release|x64
		{BB9F7DFD-2C6F-41F1-A1B7-9D491EB39E70}.Release|x64.Build.0 = Release|x64
		{BB9F7DFD-2C6F-41F1-A1B7-9D491EB39E70}.Release|x86.ActiveCfg = Release|Win32
		{BB9F7DFD-2C6F-41F1-A1B7-9D491EB39E70}.Release|x86.Build.0 = Release|Win32
		{DBC7A6B1-2666-4803-9858-12F18BB2C27F}.Debug|x64.ActiveCfg = Debug|x64
		{DBC7A6B1-2666-4803-9858-12F18BB2C27F}.Debug|x64.Build.0 = Debug|x64
		{DBC7A6B1-2666-4803-9858-12F18BB2C27F}.Debug|x86.ActiveCfg = Debug|Win32
		{DBC7A6B1-2666-4803-9858-12F18BB2C27F}.Debug|x86.Build.0 = Debug|Win32
		{DBC7A6B1-2666-4803-9858-12F18BB2C27F}.Release|x64.ActiveCfg = Release|x64
		{DBC7A6B1-2666-4803-9858-12F18BB2C27F}.Release|x64.Build.0 = Release|x64
		{DBC7A6B1-2666-4803-9858-12F18BB2C27F}.Release|x86.ActiveCfg = Release|Win32
		{DBC7A6B1-2666-4803-9858-12F18BB2C27F}.Release|x86.Build.0 = Release|Win32
		{E4F94EEC-14B5-49ED-9841-75A19426E9A5}.Debug|x64.ActiveCfg = Debug|x64
		{E4F94EEC-14B5-49ED-9841-75A19426E9A5}.Debug|x64.Build.0 = Debug|x64
		{E4F94EEC-14B5-49ED-9841-75A19426E9A5}.Debug|x86.ActiveCfg = Debug|Win32
		{E4F94EEC-14B5-49ED-9841-75A19426E9A5}.Debug|x86.Build.0 = Debug|Win32
		{E4F94EEC-14B5-49ED-9841-75A19426E9A5}.Release|x64.ActiveCfg = Release|x64
		{E4F94EEC-14B5-49ED-9841-75A19426E9A5}.Release|x64.Build.0 = Release|x64
		{E4F94EEC-14B5-49ED-9841-75A19426E9A5}.Release|x86.ActiveCfg = Release|Win32
		{E4F94EEC-14B5-49ED-9841-75A19426E9A5}.Release|x86.Build.0 = Release|Win32
		{B419CDE3-2CA9-4517-B970-4C48944A5ABD}.Debug|x64.ActiveCfg = Debug|x64
		{B419CDE3-2CA9-4517-B970-4C48944A5ABD}.Debug|x64.Build.0 = Debug|x64
		{B419CDE3-2CA9-4517-B970-4C48944A5ABD}.Debug|x86.ActiveCfg = Debug|Win32
		{B419CDE3-2CA9-4517-B970-4C48944A5ABD}.Debug|x86.Build.0 = Debug|Win32
		{B419CDE3-2CA9-4517-B970-4C48944A5ABD}.Release|x64.ActiveCfg = Release|x64
		{B419CDE3-2CA9-4517-B970-4C48944A5ABD}.Release|x64.Build.0 = Release|x64
		{B419CDE3-2CA9-4517-B970-4C48944A5ABD}.Release|x86.ActiveCfg = Release|Win32
		{B419CDE3-2CA9-4517-B970-4C48944A5ABD}.Release|x86.Build.0 = Release|Win32
		{F7E8EFC3-9207-4396-B742-39968873881C}.Debug|x64.ActiveCfg = Debug|x64
		{F7E8EFC3-9207-4396-B742-39968873881C}.Debug|x64.Build.0 = Debug|x64
		{F7E8EFC3-9207-4396-B742-39968873881C}.Debug|x86.ActiveCfg = Debug|Win32
		{F7E8EFC3-9207-4396-B742-39968873881C}.Debug|x86.Build.0 = Debug|Win32
		{F7E8EFC3-9207-4396-B742-39968873881C}.Release|x64.ActiveCfg = Release|x64
		{F7E8EFC3-9207-4396-B742-39968873881C}.Release|x64.Build.0 = Release|x64
		{F7E8EFC3-9207-4396-B742-39968873881C}.Release|x86.ActiveCfg = Release|Win32
		{F7E8EFC3-9207-4396-B742-39968873881C}.Release|x86.Build.0 = Release|Win32
		{C31457CD-A96E-4290-BA96-52B383727C63}.Debug|x64.ActiveCfg = Debug|x64
		{C31457CD-A96E-4290-BA96-52B383727C63}.Debug|x64.Build.0 = Debug|x64
		{C31457CD-A96E-4290-BA96-52B383727C63}.Debug|x86.ActiveCfg = Debug|Win32
		{C31457CD-A96E-4290-BA96-52B383727C63}.Debug|x86.Build.0 = Debug|Win32
		{C31457CD-A96E-4290-BA96-52B383727C63}.Release|x64.ActiveCfg = Release|x64
		{C31457CD-A96E-4290-BA96-52B383727C63}.Release|x64.Build.0 = Release|x64
		{C31457CD-A96E-4290-BA96-52B383727C63}.Release|x86.ActiveCfg = Release|Win32
		{C31457CD-A96E-4290-BA96-52B383727C63}.Release|x86.Build.0 = Release|Win32
		{2EC482C7-E9DE-42F0-A873-C9F589A167D8}.Debug|x64.ActiveCfg = Debug|x64
		{2EC482C7-E9DE-42F0-A873-C9F589A167D8}.Debug|x64.Build.0 = Debug|x64
		{2EC482C7-E9DE-42F0-A873-C9F589A167D8}.Debug|x86.ActiveCfg = Debug|Win32
		{2EC482C7-E9DE-42F0-A873-C9F589A167D8}.Debug|x86.Build.0 = Debug|Win32
		{2EC482C7-E9DE-42F0-A873-C9F589A167D8}.Release|x64.ActiveCfg = Release|x64
		{2EC482C7-E9DE-42F0-A873-C9F589A167D8}.Release|x64.Build.0 = Release|x64
		{2EC482C7-E9DE-42F0-A873-C9F589A167D8}.Release|x86.ActiveCfg = Release|Win32
		{2EC482C7-E9DE-42F0-A873-C9F589A167D8}.Release|x86.Build.0 = Release|Win32
		{085B0EED-4949-42E5-BF01-A8BDA56869BF}.Debug|x64.ActiveCfg = Debug|x64
		{085B0EED-4949-42E5-BF01-A8BDA56869BF}.Debug|x64.Build.0 = Debug|x64
		{085B0EED-4949-42E5-BF01-A8BDA56869BF}.Debug|x86.ActiveCfg = Debug|Win32
		{085B0EED-4949-42E5-BF01-A8BDA56869BF}.Debug|x86.Build.0 = Debug|Win32
		{085B0EED-4949-42E5-BF01-A8BDA56869BF}.Release|x64.ActiveCfg = Release|x64
		{085B0EED-4949-42E5-BF01-A8BDA56869BF}.Release|x64.Build.0 = Release|x64
		{085B0EED-4949-42E5-BF01-A8BDA56869BF}.Release|x86.ActiveCfg = Release|Win32
		{085B0EED-4949-42E5-BF01-A8BDA56869BF}.Release|x86.Build.0 = Release|Win32
		{0E9B635C-7B09-4DD3-9BC7-35158C2C7C3A}.Debug|x64.ActiveCfg = Debug|x64
		{0E9B635C-7B09-4DD3-9BC7-35158C2C7C3A}.Debug|x64.Build.0 = Debug|x64
		{0E9B635C-7B09-4DD3-9BC7-35158C2C7C3A}.Debug|x86.ActiveCfg = Debug|Win32
		{0E9B635C-7B09-4DD3-9BC7-35158C2C7C3A}.Debug|x86.Build.0 = Debug|Win32
		{0E9B635C-7B09-4DD3-9BC7-35158C2C7C3A}.Release|x64.ActiveCfg = Release|x64
		{0E9B635C-7B09-4DD3-9BC7-35158C2C7C3A}.Release|x64.Build.0 = Release|x64
		{0E9B635C-7B09-4DD3-9BC7-35158C2C7C3A}.Release|x86.ActiveCfg = Release|Win32
		{0E9B635C-7B09-4DD3-9BC7-35158C2C7C3A}.Release|x86.Build.0 = Release|Win32
		{57DFDC2C-D83B-424D-A92F-5ECF213E911E}.Debug|x64.ActiveCfg = Debug|x64
		{57DFDC2C-D83B-424D-A92F-5ECF213E911E}.Debug|x64.Build.0 = Debug|x64
		{57DFDC2C-D83B-424D-A92F-5ECF213E911E}.Debug|x86.ActiveCfg = Debug|Win32
		{57DFDC2C-D83B-424D-A92F-5ECF213E911E}.Debug|x86.Build.0 = Debug|Win32
		{57DFDC2C-D83B-424D-A92F-5ECF213E911E}.Release|x64.ActiveCfg = Release|x64
		{57DFDC2C-D83B-424D-A92F-5ECF213E911E}.Release|x64.Build.0 = Release|x64
		{57DFDC2C-D83B-424D-A92F-5ECF213E911E}.Release|x86.ActiveCfg = Release|Win32
		{57DFDC2C-D83B-424D-A92F-5ECF213E911E}.Release|x86.Build.0 = Release|Win32
		{E6AD4993-BBEE-49C6-82C9-6F7292205431}.Debug|x64.ActiveCfg = Debug|x64
		{E6AD4993-BBEE-49C6-82C9-6F7292205431}.Debug|x64.Build.0 = Debug|x64
		{E6AD4993-BBEE-49C6-82C9-6F7292205431}.Debug|x86.ActiveCfg = Debug|Win32
		{E6AD4993-BBEE-49C6-82C9-6F7292205431}.Debug|x86.Build.0 = Debug|Win32
		{E6AD4993-BBEE-49C6-82C9-6F7292205431}.Release|x64.ActiveCfg = Release|x64
		{E6AD4993-BBEE-49C6-82C9-6F7292205431}.Release|x64.Build.0 = Release|x64
		{E6AD4993-BBEE-49C6-82C9-6F7292205431}.Release|x86.ActiveCfg = Release|Win32
		{E6AD4993-BBEE-49C6-82C9-6F7292205431}.Release|x86.Build.0 = Release|Win32
		{E01D57E7-4260-42F9-9827-D13A49A039C2}.Debug|x64.ActiveCfg = Debug|x64
		{E01D57E7-4260-42F9-9827-D13A49A039C2}.Debug|x64.Build.0 = Debug|x64
		{E01D57E7-4260-42F9-9827-D13A49A039C2}.Debug|x86.ActiveCfg = Debug|Win32
		{E01D57E7-4260-42F9-9827-D13A49A039C2}.Debug|x86.Build.0 = Debug|Win32
		{E01D57E7-4260-42F9-9827-D13A49A039C2}.Release|x64.ActiveCfg = Release|x64
		{E01D57E7-4260-42F9-9827-D13A49A039C2}.Release|x64.Build.0 = Release|x64
		{E01D57E7-4260-42F9-9827-D13A49A039C2}.Release|x86.ActiveCfg = Release|Win32
		{E01D57E7-4260-42F9-9827-D13A49A039C2}.Release|x86.Build.0 = Release|Win32
		{0B7FF940-E3AD-468B-884E-121C8BC54434}.Debug|x64.ActiveCfg = Debug|x64
		{0B7FF940-E3AD-468B-884E-121C8BC54434}.Debug|x64.Build.0 = Debug|x64
		{0B7FF940-E3AD-468B-884E-121C8BC54434}.Debug|x86.ActiveCfg = Debug|Win32
		{0B7FF940-E3AD-468B-884E-121C8BC54434}.Debug|x86.Build.0 = Debug|Win32
		{0B7FF940-E3AD-468B-884E-121C8BC54434}.Release|x64.ActiveCfg = Release|x64
		{0B7FF940-E3AD-468B-884E-121C8BC54434}.Release|x64.Build.0 = Release|x64
		{0B7FF940-E3AD-468B-884E-121C8BC54434}.Release|x86.ActiveCfg = Release|Win32
		{0B7FF940-E3AD-468B-884E-121C8BC54434}.Release|x86.Build.0 = Release|Win32
		{771345BF-CE98-4202-ADF6-68242841F2D0}.Debug|x64.ActiveCfg = Debug|x64
		{771345BF-CE98-4202-ADF6-68242841F2D0}.Debug|x64.Build.0 = Debug|x64
		{771345BF-CE98-4202-ADF6-68242841F2D0}.Debug|x86.ActiveCfg = Debug|Win32
		{771345BF-CE98-4202-ADF6-68242841F2D0}.Debug|x86.Build.0 = Debug|Win32
		{771345BF-CE98-4202-ADF6-68242841F2D0}.Release|x64.ActiveCfg = Release|x64
		{771345BF-CE98-4202-ADF6-68242841F2D0}.Release|x64.Build.0 = Release|x64
		{771345BF-CE98-4202-ADF6-68242841F2D0}.Release|x86.ActiveCfg = Release|Win32
		{771345BF-CE98-4202-ADF6-68242841F2D0}.Release|x86.Build.0 = Release|Win32
		{99D92694-C68F-43D4-8E13-BE86116FB4D6}.Debug|x64.ActiveCfg = Debug|x64
		{99D92694-C68F-43D4-8E13-BE86116FB4D6}.Debug|x64.Build.0 = Debug|x64
		{99D92694-C68F-43D4-8E13-BE86116FB4D6}.Debug|x86.ActiveCfg = Debug|Win32
		{99D92694-C68F-43D4-8E13-BE86116FB4D6}.Debug|x86.Build.0 = Debug|Win32
		{99D92694-C68F-43D4-8E13-BE86116FB4D6}.Release|x64.ActiveCfg = Release|x64
		{99D92694-C68F-43D4-8E13-BE86116FB4D6}.Release|x64.Build.0 = Release|x64
		{99D92694-C68F-43D4-8E13-BE86116FB4D6}.Release|x86.ActiveCfg = Release|Win32
		{99D92694-C68F-43D4-8E13-BE86116FB4D6}.Release|x86.Build.0 = Release|Win32
		{2A072EE4-2A5C-48D8-A9EF-3D6D6AF7E260}.Debug|x64.ActiveCfg = Debug|x64
		{2A072EE4-2A5C-48D8-A9EF-3D6D6AF7E260}.Debug|x64.Build.0 = Debug|x64
		{2A072EE4-2A5C-48D8-A9EF-3D6D6AF7E260}.Debug|x86.ActiveCfg = Debug|Win32
		{2A072EE4-2A5C-48D8-A9EF-3D6D6AF7E260}.Debug|x86.Build.0 = Debug|Win32
		{2A072EE4-2A5C-48D8-A9EF-3D6D6AF7E260}.Release|x64.ActiveCfg = Release|x64
		{2A072EE4-2A5C-48D8-A9EF-3D6D6AF7E260}.Release|x64.Build.0 = Release|x64
		{2A072EE4-2A5C-48D8-A9EF-3D6D6AF7E260}.Release|x86.ActiveCfg = Release|Win32
		{2A072EE4-2A5C-48D8-A9EF-3D6D6AF7E260}.Release|x86.Build.0 = Release|Win32
		{EF9DD8C7-9732-428E-8C7F-D11CCC0DDD28}.Debug|x64.ActiveCfg = Debug|x64
		{EF9DD8C7-9732-428E-8C7F-D11CCC0DDD28}.Debug|x64.Build.0 = Debug|x64
		{EF9DD8C7-9732-428E-8C7F-D11CCC0DDD28}.Debug|x86.ActiveCfg = Debug|Win32
		{EF9DD8C7-9732-428E-8C7F-D11CCC0DDD28}.Debug|x86.Build.0 = Debug|Win32
		{EF9DD8C7-9732-428E-8C7F-D11CCC0DDD28}.Release|x64.ActiveCfg = Release|x64
		{EF9DD8C7-9732-428E-8C7F-D11CCC0DDD28}.Release|x64.Build.0 = Release|x64
		{EF9DD8C7-9732-428E-8C7F-D11CCC0DDD28}.Release|x86.ActiveCfg = Release|Win32
		{EF9DD8C7-9732-428E-8C7F-D11CCC0DDD28}.Release|x86.Build.0 = Release|Win32
		{384C1CBE-C433-441A-9966-589EA08960D9}.Debug|x64.ActiveCfg = Debug|x64
		{384C1CBE-C433-441A-9966-589EA08960D9}.Debug|x64.Build.0 = Debug|x64
		{384C1CBE-C433-441A-9966-589EA08960D9}.Debug|x86.ActiveCfg = Debug|Win32
		{384C1CBE-C433-441A-9966-589EA08960D9}.Debug|x86.Build.0 = Debug|Win32
		{384C1CBE-C433-441A-9966-589EA08960D9}.Release|x64.ActiveCfg = Release|x64
		{384C1CBE-C433-441A-9966-589EA08960D9}.Release|x64.Build.0 = Release|x64
		{384C1CBE-C433-441A-9966-589EA08960D9}.Release|x86.ActiveCfg = Release|Win32
		{384C1CBE-C433-441A-9966-589EA08960D9}.Release|x86.Build.0 = Release|Win32
		{D4128DF1-7ABC-4352-BA1E-C6370D5EE9FD}.Debug|x64.ActiveCfg = Debug|x64
		{D4128DF1-7ABC-4352-BA1E-C6370D5EE9FD}.Debug|x64.Build.0 = Debug|x64
		{D4128DF1-7ABC-4352-BA1E-C6370D5EE9FD}.Debug|x86.ActiveCfg = Debug|Win32
		{D4128DF1-7ABC-4352-BA1E-C6370D5EE9FD}.Debug|x86.Build.0 = Debug|Win32
		{D4128DF1-7ABC-4352-BA1E-C6370D5EE9FD}.Release|x64.ActiveCfg = Release|x64
		{D4128DF1-7ABC-4352-BA1E-C6370D5EE9FD}.Release|x64.Build.0 = Release|x64
		{D4128DF1-7ABC-4352-BA1E-C6370D5EE9FD}.Release|x86.ActiveCfg = Release|Win32
		{D4128DF1-7ABC-4352-BA1E-C6370D5EE9FD}.Release|x86.Build.0 = Release|Win32
		{43BC7411-98F1-4A24-90A5-6D9FE3A7E103}.Debug|x64.ActiveCfg = Debug|x64
		{43BC7411-98F1-4A24-90A5-6D9FE3A7E103}.Debug|x64.Build.0 = Debug|x64
		{43BC7411-98F1-4A24-90A5-6D9FE3A7E103}.Debug|x86.ActiveCfg = Debug|Win32
		{43BC7411-98F1-4A24-90A5-6D9FE3A7E103}.Debug|x86.Build.0 = Debug|Win32
		{43BC7411-98F1-4A24-90A5-6D9FE3A7E103}.Release|x64.ActiveCfg = Release|x64
		{43BC7411-98F1-4A24-90A5-6D9FE3A7E103}.Release|x64.Build.0 = Release|x64
		{43BC7411-98F1-4A24-90A5-6D9FE3A7E103}.Release|x86.ActiveCfg = Release|Win32
		{43BC7411-98F1-4A24-90A5-6D9FE3A7E103}.Release|x86.Build.0 = Release|Win32
		{74EA9D2A-8A0C-4492-A902-F3A3D15E1865}.Debug|x64.ActiveCfg = Debug|x64
		{74EA9D2A-8A0C-4492-A902-F3A3D15E1865}.Debug|x64.Build.0 = Debug|x64
		{74EA9D2A-8A0C-4492-A902-F3A3D15E1865}.Debug|x86.ActiveCfg = Debug|Win32
		{74EA9D2A-8A0C-4492-A902-F3A3D15E1865}.Debug|x86.Build.0 = Debug|Win32
		{74EA9D2A-8A0C-4492-A902-F3A3D15E1865}.Release|x64.ActiveCfg = Release|x64
		{74EA9D2A-8A0C-4492-A902-F3A3D15E1865}.Release|x64.Build.0 = Release|x64
		{74EA9D2A-8A0C-4492-A902-F3A3D15E1865}.Release|x86.ActiveCfg = Release|Win32
		{74EA9D2A-8A0C-4492-A902-F3A3D15E1865}.Release|x86.Build.0 = Release|Win32
		{C6EFB8CA-52CD-4468-9218-F1A5FE008487}.Debug|x64.ActiveCfg = Debug|x64
		{C6EFB8CA-52CD-4468-9218-F1A5FE008487}.Debug|x64.Build.0 = Debug|x64
		{C6EFB8CA-52CD-4468-9218-F1A5FE008487}.Debug|x86.ActiveCfg = Debug|Win32
		{C6EFB8CA-52CD-4468-9218-F1A5FE008487}.Debug|x86.Build.0 = Debug|Win32
		{C6EFB8CA-52CD-4468-9218-F1A5FE008487}.Release|x64.ActiveCfg = Release|x64
		{C6EFB8CA-52CD-4468-9218-F1A5FE008487}.Release|x64.Build.0 = Release|x64
		{C6EFB8CA-52CD-4468-9218-F1A5FE008487}.Release|x86.ActiveCfg = Release|Win32
		{C6EFB8CA-52CD-4468-9218-F1A5FE008487}.Release|x86.Build.0 = Release|Win32
		{0F7143CE-BD3C-41EE-940A-58E6EBA2C503}.Debug|x64.ActiveCfg = Debug|x64
		{0F7143CE-BD3C-41EE-940A-58E6EBA2C503}.Debug|x64.Build.0 = Debug|x64
		{0F7143CE-BD3C-41EE-940A-58E6EBA2C503}.Debug|x86.ActiveCfg = Debug|Win32
		{0F7143CE-BD3C-41EE-940A-58E6EBA2C503}.Debug|x86.Build.0 = Debug|Win32
		{0F7143CE-BD3C-41EE-940A-58E6EBA2C503}.Release|x64.ActiveCfg = Release|x64
		{0F7143CE-BD3C-41EE-940A-58E6EBA2C503}.Release|x64.Build.0 = Release|x64
		{0F7143CE-BD3C-41EE-940A-58E6EBA2C503}.Release|x86.ActiveCfg = Release|Win32
		{0F7143CE-BD3C-41EE-940A-58E6EBA2C503}.Release|x86.Build.0 = Release|Win32
		{CBD74C70-E687-41DF-8C93-BD82ED9AF265}.Debug|x64.ActiveCfg = Debug|x64
		{CBD74C70-E687-41DF-8C93-BD82ED9AF265}.Debug|x64.Build.0 = Debug|x64
		{CBD74C70-E687-41DF-8C93-BD82ED9AF265}.Debug|x86.ActiveCfg = Debug|Win32
		{CBD74C70-E687-41DF-8C93-BD82ED9AF265}.Debug|x86.Build.0 = Debug|Win32
		{CBD74C70-E687-41DF-8C93-BD82ED9AF265}.Release|x64.ActiveCfg = Release|x64
		{CBD74C70-E687-41DF-8C93-BD82ED9AF265}.Release|x64.Build.0 = Release|x64
		{CBD74C70-E687-41DF-8C93-BD82ED9AF265}.Release|x86.ActiveCfg = Release|Win32
		{CBD74C70-E687-41DF-8C93-BD82ED9AF265}.Release|x86.Build.0 = Release|Win32
		{CCBA6F10-07CC-49CB-B516-C150964D7978}.Debug|x64.ActiveCfg = Debug|x64
		{CCBA6F10-07CC-49CB-B516-C150964D7978}.Debug|x64.Build.0 = Debug|x64
		{CCBA6F10-07CC-49CB-B516-C150964D7978}.Debug|x86.ActiveCfg = Debug|Win32
		{CCBA6F10-07CC-49CB-B516-C150964D7978}.Debug|x86.Build.0 = Debug|Win32
		{CCBA6F10-07CC-49CB-B516-C150964D7978}.Release|x64.ActiveCfg = Release|x64
		{CCBA6F10-07CC-49CB-B516-C150964D7978}.Release|x64.Build.0 = Release|x64
		{CCBA6F10-07CC-49CB-B516-C150964D7978}.Release|x86.ActiveCfg = Release|Win32
		{CCBA6F10-07CC-49CB-B516-C150964D7978}.Release|x86.Build.0 = Release|Win32
		{D4FE92D3-786F-4B7E-BD69-FDA519B3893E}.Debug|x64.ActiveCfg = Debug|x64
		{D4FE92D3-786F-4B7E-BD69-FDA519B3893E}.Debug|x64.Build.0 = Debug|x64
		{D4FE92D3-786F-4B7E-BD69-FDA519B3893E}.Debug|x86.ActiveCfg = Debug|Win32
		{D4FE92D3-786F-4B7E-BD69-FDA519B3893E}.Debug|x86.Build.0 = Debug|Win32
		{D4FE92D3-786F-4B7E-BD69-FDA519B3893E}.Release|x64.ActiveCfg = Release|x64
		{D4FE92D3-786F-4B7E-BD69-FDA519B3893E}.Release|x64.Build.0 = Release|x64
		{D4FE92D3-786F-4B7E-BD69-FDA519B3893E}.Release|x86.ActiveCfg = Release|Win32
		{D4FE92D3-786F-4B7E-BD69-FDA519B3893E}.Release|x86.Build.0 = Release|Win32
		{9145A064-2409-487B-BBDC-3B2ADA9628C8}.Debug|x64.ActiveCfg = Debug|x64
		{9145A064-2409-487B-BBDC-3B2ADA9628C8}.Debug|x64.Build.0 = Debug|x64
		{9145A064-2409-487B-BBDC-3B2ADA9628C8}.Debug|x86.ActiveCfg = Debug|Win32
		{9145A064-2409-487B-BBDC-3B2ADA9628C8}.Debug|x86.Build.0 = Debug|Win32
		{9145A064-2409-487B-BBDC-3B2ADA9628C8}.Release|x64.ActiveCfg = Release|x64
		{9145A064-2409-487B-BBDC-3B2ADA9628C8}.Release|x64.Build.0 = Release|x64
		{9145A064-2409-487B-BBDC-3B2ADA9628C8}.Release|x86.ActiveCfg = Release|Win32
		{9145A064-2409-487B-BBDC-3B2ADA9628C8}.Release|x86.Build.0 = Release|Win32
		{4D6547A1-BE8B-4ACB-ABAF-3611CEFE2430}.Debug|x64.ActiveCfg = Debug|x64
		{4D6547A1-BE8B-4ACB-ABAF-3611CEFE2430}.Debug|x64.Build.0 = Debug|x64
		{4D6547A1-BE8B-4ACB-ABAF-3611CEFE2430}.Debug|x86.ActiveCfg = Debug|Win32
		{4D6547A1-BE8B-4ACB-ABAF-3611CEFE2430}.Debug|x86.Build.0 = Debug|Win32
		{4D6547A1-BE8B-4ACB-ABAF-3611CEFE2430}.Release|x64.ActiveCfg = Release|x64
		{4D6547A1-BE8B-4ACB-ABAF-3611CEFE2430}.Release|x64.Build.0 = Release|x64
		{4D6547A1-BE8B-4ACB-ABAF-3611CEFE2430}.Release|x86.ActiveCfg = Release|Win32
		{4D6547A1-BE8B-4ACB-ABAF-3611CEFE2430}.Release|x86.Build.0 = Release|Win32
		{46A5BEF6-0C4C-450A-B165-8F0BD4208239}.Debug|x64.ActiveCfg = Debug|x64
		{46A5BEF6-0C4C-450A-B165-8F0BD4208239}.Debug|x64.Build.0 = Debug|x64
		{46A5BEF6-0C4C-450A-B165-8F0BD4208239}.Debug|x86.ActiveCfg = Debug|Win32
		{46A5BEF6-0C4C-450A-B165-8F0BD4208239}.Debug|x86.Build.0 = Debug|Win32
		{46A5BEF6-0C4C-450A-B165-8F0BD4208239}.Release|x64.ActiveCfg = Release|x64
		{46A5BEF6-0C4C-450A-B165-8F0BD4208239}.Release|x64.Build.0 = Release|x64
		{46A5BEF6-0C4C-450A-B165-8F0BD4208239}.Release|x86.ActiveCfg = Release|Win32
		{46A5BEF6-0C4C-450A-B165-8F0BD4208239}.Release|x86.Build.0 = Release|Win32
		{956C5A49-FD31-4229-9947-B71E1CFBC943}.Debug|x64.ActiveCfg = Debug|x64
		{956C5A49-FD31-4229-9947-B71E1CFBC943}.Debug|x64.Build.0 = Debug|x64
		{956C5A49-FD31-4229-9947-B71E1CFBC943}.Debug|x86.ActiveCfg = Debug|Win32
		{956C5A49-FD31-4229-9947-B71E1CFBC943}.Debug|x86.Build.0 = Debug|Win32
		{956C5A49-FD31-4229-9947-B71E1CFBC943}.Release|x64.ActiveCfg = Release|x64
		{956C5A49-FD31-4229-9947-B71E1CFBC943}.Release|x64.Build.0 = Release|x64
		{956C5A49-FD31-4229-9947-B71E1CFBC943}.Release|x86.ActiveCfg = Release|Win32
		{956C5A49-FD31-4229-9947-B71E1CFBC943}.Release|x86.Build.0 = Release|Win32
		{8B5E06E0-1507-4A35-B9EA-BC78268D2560}.Debug|x64.ActiveCfg = Debug|x64
		{8B5E06E0-1507-4A35-B9EA-BC78268D2560}.Debug|x64.Build.0 = Debug|x64
		{8B5E06E0-1507-4A35-B9EA-BC78268D2560}.Debug|x86.ActiveCfg = Debug|Win32
		{8B5E06E0-1507-4A35-B9EA-BC78268D2560}.Debug|x86.Build.0 = Debug|Win32
		{8B5E06E0-1507-4A35-B9EA-BC78268D2560}.Release|x64.ActiveCfg = Release|x64
		{8B5E06E0-1507-4A35-B9EA-BC78268D2560}.Release|x64.Build.0 = Release|x64
		{8B5E06E0-1507-4A35-B9EA-BC78268D2560}.Release|x86.ActiveCfg = Release|Win32
		{8B5E06E0-1507-4A35-B9EA-BC78268D2560}.Release|x86.Build.0 = Release|Win32
		{659AD411-27CE-4D67-9B03-6D3BA2E45851}.Debug|x64.ActiveCfg = Debug|x64
		{659AD411-27CE-4D67-9B03-6D3BA2E45851}.Debug|x64.Build.0 = Debug|x64
		{659AD411-27CE-4D67-9B03-6D3BA2E45851}.Debug|x86.ActiveCfg = Debug|Win32
		{659AD411-27CE-4D67-9B03-6D3BA2E45851}.Debug|x86.Build.0 = Debug|Win32
		{659AD411-27CE-4D67-9B03-6D3BA2E45851}.Release|x64.ActiveCfg = Release|x64
		{659AD411-27CE-4D67-9B03-6D3BA2E45851}.Release|x64.Build.0 = Release|x64
		{659AD411-27CE-4D67-9B03-6D3BA2E45851}.Release|x86.ActiveCfg = Release|Win32
		{659AD411-27CE-4D67-9B03-6D3BA2E45851}.Release|x86.Build.0 = Release|Win32
		{3CB6B69E-95FE-4AE9-B724-60F6217A561D}.Debug|x64.ActiveCfg = Debug|x64
		{3CB6B69E-95FE-4AE9-B724-60F6217A561D}.Debug|x64.Build.0 = Debug|x64
		{3CB6B69E-95FE-4AE9-B724-60F6217A561D}.Debug|x86.ActiveCfg = Debug|Win32
		{3CB6B69E-95FE-4AE9-B724-60F6217A561D}.Debug|x86.Build.0 = Debug|Win32
		{3CB6B69E-95FE-4AE9-B724-60F6217A561D}.Release|x64.ActiveCfg = Release|x64
		{3CB6B69E-95FE-4AE9-B724-60F6217A561D}.Release|x64.Build.0 = Release|x64
		{3CB6B69E-95FE-4AE9-B724-60F6217A561D}.Release|x86.ActiveCfg = Release|Win32
		{3CB6B69E-95FE-4AE9-B724-60F6217A561D}.Release|x86.Build.0 = Release|Win32
		{491AA4AC-DB2A-4F71-B30A-A6BF183177B8}.Debug|x64.ActiveCfg = Debug|x64
		{491AA4AC-DB2A-4F71-B30A-A6BF183177B8}.Debug|x64.Build.0 = Debug|x64
		{491AA4AC-DB2A-4F71-B30A-A6BF183177B8}.Debug|x86.ActiveCfg = Debug|Win32
		{491AA4AC-DB2A-4F71-B30A-A6BF183177B8}.Debug|x86.Build.0 = Debug|Win32
		{491AA4AC-DB2A-4F71-B30A-A6BF183177B8}.Release|x64.ActiveCfg = Release|x64
		{491AA4AC-DB2A-4F71-B30A-A6BF183177B8}.Release|x64.Build.0 = Release|x64
		{491AA4AC-DB2A-4F71-B30A-A6BF183177B8}.Release|x86.ActiveCfg = Release|Win32
		{491AA4AC-DB2A-4F71-B30A-A6BF183177B8}.Release|x86.Build.0 = Release|Win32
		{068417C2-A8F8-4896-BDA3-3D23EA4CDDAF}.Debug|x64.ActiveCfg = Debug|x64
		{068417C2-A8F8-4896-BDA3-3D23EA4CDDAF}.Debug|x64.Build.0 = Debug|x64
		{068417C2-A8F8-4896-BDA3-3D23EA4CDDAF}.Debug|x86.ActiveCfg = Debug|Win32
		{068417C2-A8F8-4896-BDA3-3D23EA4CDDAF}.Debug|x86.Build.0 = Debug|Win32
		{068417C2-A8F8-4896-BDA3-3D23EA4CDDAF}.Release|x64.ActiveCfg = Release|x64
		{068417C2-A8F8-4896-BDA3-3D23EA4CDDAF}.Release|x64.Build.0 = Release|x64
		{068417C2-A8F8-4896-BDA3-3D23EA4CDDAF}.Release|x86.ActiveCfg = Release|Win32
		{068417C2-A8F8-4896-BDA3-3D23EA4CDDAF}.Release|x86.Build.0 = Release|Win32
		{5C0DC1B3-7881-4B1A-8860-E05F6F1C4A9F}.Debug|x64.ActiveCfg = Debug|x64
		{5C0DC1B3-7881-4B1A-8860-E05F6F1C4A9F}.Debug|x64.Build.0 = Debug|x64
		{5C0DC1B3-7881-4B1A-8860-E05F6F1C4A9F}.Debug|x86.ActiveCfg = Debug|Win32
		{5C0DC1B3-7881-4B1A-8860-E05F6F1C4A9F}.Debug|x86.Build.0 = Debug|Win32
		{5C0DC1B3-7881-4B1A-8860-E05F6F1C4A9F}.Release|x64.ActiveCfg = Release|x64
		{5C0DC1B3-7881-4B1A-8860-E05F6F1C4A9F}.Release|x64.Build.0 = Release|x64
		{5C0DC1B3-7881-4B1A-8860-E05F6F1C4A9F}.Release|x86.ActiveCfg = Release|Win32
		{5C0DC1B3-7881-4B1A-8860-E05F6F1C4A9F}.Release|x86.Build.0 = Release|Win32
		{B87710AC-0D53-4B45-A89C-D0C753D4C5F1}.Debug|x64.ActiveCfg = Debug|x64
		{B87710AC-0D53-4B45-A89C-D0C753D4C5F1}.Debug|x64.Build.0 = Debug|x64
		{B87710AC-0D53-4B45-A89C-D0C753D4C5F1}.Debug|x86.ActiveCfg = Debug|Win32
		{B87710AC-0D53-4B45-A89C-D0C753D4C5F1}.Debug|x86.Build.0 = Debug|Win32
		{B87710AC-0D53-4B45-A89C-D0C753D4C5F1}.Release|x64.ActiveCfg = Release|x64
		{B87710AC-0D53-4B45-A89C-D0C753D4C5F1}.Release|x64.Build.0 = Release|x64
		{B87710AC-0D53-4B45-A89C-D0C753D4C5F1}.Release|x86.ActiveCfg = Release|Win32
		{B87710AC-0D53-4B45-A89C-D0C753D4C5F1}.Release|x86.Build.0 = Release|Win32
		{69578B12-110D-4190-AEA3-A652F0B1D643}.Debug|x64.ActiveCfg = Debug|x64
		{69578B12-110D-4190-AEA3-A652F0B1D643}.Debug|x64.Build.0 = Debug|x64
		{69578B12-110D-4190-AEA3-A652F0B1D643}.Debug|x86.ActiveCfg = Debug|Win32
		{69578B12-110D-4190-AEA3-A652F0B1D643}.Debug|x86.Build.0 = Debug|Win32
		{69578B12-110D-4190-AEA3-A652F0B1D643}.Release|x64.ActiveCfg = Release|x64
		{69578B12-110D-4190-AEA3-A652F0B1D643}.Release|x64.Build.0 = Release|x64
		{69578B12-110D-4190-AEA3-A652F0B1D643}.Release|x86.ActiveCfg = Release|Win32
		{69578B12-110D-4190-AEA3-A652F0B1D643}.Release|x86.Build.0 = Release|Win32
		{88ECA7F0-F27E-43A8-A8AD-840AC654ADE2}.Debug|x64.ActiveCfg = Debug|x64
		{88ECA7F0-F27E-43A8-A8AD-840AC654ADE2}.Debug|x64.Build.0 = Debug|x64
		{88ECA7F0-F27E-43A8-A8AD-840AC654ADE2}.Debug|x86.ActiveCfg = Debug|Win32
		{88ECA7F0-F27E-43A8-A8AD-840AC654ADE2}.Debug|x86.Build.0 = Debug|Win32
		{88ECA7F0-F27E-43A8-A8AD-840AC654ADE2}.Release|x64.ActiveCfg = Release|x64
		{88ECA7F0-F27E-43A8-A8AD-840AC654ADE2}.Release|x64.Build.0 = Release|x64
		{88ECA7F0-F27E-43A8-A8AD-840AC654ADE2}.Release|x86.ActiveCfg = Release|Win32
		{88ECA7F0-F27E-43A8-A8AD-840AC654ADE2}.Release|x86.Build.0 = Release|Win32
		{4DD8F8BE-522A-4E1A-8C04-61B0412DD551}.Debug|x64.ActiveCfg = Debug|x64
		{4DD8F8BE-522A-4E1A-8C04-61B0412DD551}.Debug|x64.Build.0 = Debug|x64
		{4DD8F8BE-522A-4E1A-8C04-61B0412DD551}.Debug|x86.ActiveCfg = Debug|Win32
		{4DD8F8BE-522A-4E1A-8C04-61B0412DD551}.Debug|x86.Build.0 = Debug|Win32
		{4DD8F8BE-522A-4E1A-8C04-61B0412DD551}.Release|x64.ActiveCfg = Release|x64
		{4DD8F8BE-522A-4E1A-8C04-61B0412DD551}.Release|x64.Build.0 = Release|x64
		{4DD8F8BE-522A-4E1A-8C04-61B0412DD551}.Release|x86.ActiveCfg = Release|Win32
		{4DD8F8BE-522A-4E1A-8C04-61B0412DD551}.Release|x86.Build.0 = Release|Win32
		{A4022F42-DCE0-4A70-B004-C937CE580402}.Debug|x64.ActiveCfg = Debug|x64
		{A4022F42-DCE0-4A70-B004-C937CE580402}.Debug|x64.Build.0 = Debug|x64
		{A4022F42-DCE0-4A70-B004-C937CE580402}.Debug|x86.ActiveCfg = Debug|Win32
		{A4022F42-DCE0-4A70-B004-C937CE580402}.Debug|x86.Build.0 = Debug|Win32
		{A4022F42-DCE0-4A70-B004-C937CE580402}.Release|x64.ActiveCfg = Release|x64
		{A4022F42-DCE0-4A70-B004-C937CE580402}.Release|x64.Build.0 = Release|x64
		{A4022F42-DCE0-4A70-B004-C937CE580402}.Release|x86.ActiveCfg = Release|Win32
		{A4022F42-DCE0-4A70-B004-C937CE580402}.Release|x86.Build.0 = Release|Win32
		{0E964775-D357-4694-B1DB-192B3D0646C4}.Debug|x64.ActiveCfg = Debug|x64
		{0E964775-D357-4694-B1DB-192B3D0646C4}.Debug|x64.Build.0 = Debug|x64
		{0E964775-D357-4694-B1DB-192B3D0646C4}.Debug|x86.ActiveCfg = Debug|Win32
		{0E964775-D357-4694-B1DB-192B3D0646C4}.Debug|x86.Build.0 = Debug|Win32
		{0E964775-D357-4694-B1DB-192B3D0646C4}.Release|x64.ActiveCfg = Release|x64
		{0E964775-D357-4694-B1DB-192B3D0646C4}.Release|x64.Build.0 = Release|x64
		{0E964775-D357-4694-B1DB-192B3D0646C4}.Release|x86.ActiveCfg = Release|Win32
		{0E964775-D357-4694-B1DB-192B3D0646C4}.Release|x86.Build.0 = Release|Win32
		{E12FDA35-F0F9-46F1-9717-0C1867F8511D}.Debug|x64.ActiveCfg = Debug|x64
		{E12FDA35-F0F9-46F1-9717-0C1867F8511D}.Debug|x64.Build.0 = Debug|x64
		{E12FDA35-F0F9-46F1-9717-0C1867F8511D}.Debug|x86.ActiveCfg = Debug|Win32
		{E12FDA35-F0F9-46F1-9717-0C1867F8511D}.Debug|x86.Build.0 = Debug|Win32
		{E12FDA35-F0F9-46F1-9717-0C1867F8511D}.Release|x64.ActiveCfg = Release|x64
		{E12FDA35-F0F9-46F1-9717-0C1867F8511D}.Release|x64.Build.0 = Release|x64
		{E12FDA35-F0F9-46F1-9717-0C1867F8511D}.Release|x86.ActiveCfg = Release|Win32
		{E12FDA35-F0F9-46F1-9717-0C1867F8511D}.Release|x86.Build.0 = Release|Win32
		{208150CC-5BBC-48C0-82B4-5D65E66C9FF8}.Debug|x64.ActiveCfg = Debug|x64
		{208150CC-5BBC-48C0-82B4-5D65E66C9FF8}.Debug|x64.Build.0 = Debug|x64
		{208150CC-5BBC-48C0-82B4-5D65E66C9FF8}.Debug|x86.ActiveCfg = Debug|Win32
		{208150CC-5BBC-48C0-82B4-5D65E66C9FF8}.Debug|x86.Build.0 = Debug|Win32
		{208150CC-5BBC-48C0-82B4-5D65E66C9FF8}.Release|x64.ActiveCfg = Release|x64
		{208150CC-5BBC-48C0-82B4-5D65E66C9FF8}.Release|x64.Build.0 = Release|x64
		{208150CC-5BBC-48C0-82B4-5D65E66C9FF8}.Release|x86.ActiveCfg = Release|Win32
		{208150CC-5BBC-48C0-82B4-5D65E66C9FF8}.Release|x86.Build.0 = Release|Win32
		{01A626A6-E621-4C9C-9A81-09D399E07B6A}.Debug|x64.ActiveCfg = Debug|x64
		{01A626A6-E621-4C9C-9A81-09D399E07B6A}.Debug|x64.Build.0 = Debug|x64
		{01A626A6-E621-4C9C-9A81-09D399E07B6A}.Debug|x86.ActiveCfg = Debug|Win32
		{01A626A6-E621-4C9C-9A81-09D399E07B6A}.Debug|x86.Build.0 = Debug|Win32
		{01A626A6-E621-4C9C-9A81-09D399E07B6A}.Release|x64.ActiveCfg = Release|x64
		{01A626A6-E621-4C9C-9A81-09D399E07B6A}.Release|x64.Build.0 = Release|x64
		{01A626A6-E621-4C9C-9A81-09D399E07B6A}.Release|x86.ActiveCfg = Release|Win32
		{01A626A6-E621-4C9C-9A81-09D399E07B6A}.Release|x86.Build.0 = Release|Win32
		{C8F81B87-C166-49B8-BD91-A57030E2C7F5}.Debug|x64.ActiveCfg = Debug|x64
		{C8F81B87-C166-49B8-BD91-A57030E2C7F5}.Debug|x64.Build.0 = Debug|x64
		{C8F81B87-C166-49B8-BD91-A57030E2C7F5}.Debug|x86.ActiveCfg = Debug|Win32
		{C8F81B87-C166-49B8-BD91-A57030E2C7F5}.Debug|x86.Build.0 = Debug|Win32
		{C8F81B87-C166-49B8-BD91-A57030E2C7F5}.Release|x64.ActiveCfg = Release|x64
		{C8F81B87-C166-49B8-BD91-A57030E2C7F5}.Release|x64.Build.0 = Release|x64
		{C8F81B87-C166-49B8-BD91-A57030E2C7F5}.Release|x86.ActiveCfg = Release|Win32
		{C8F81B87-C166-49B8-BD91-A57030E2C7F5}.Release|x86.Build.0 = Release|Win32
		{4316B510-D65A-4E0B-B5DA-524B9C816B7B}.Debug|x64.ActiveCfg = Debug|x64
		{4316B510-D65A-4E0B-B5DA-524B9C816B7B}.Debug|x64.Build.0 = Debug|x64
		{4316B510-D65A-4E0B-B5DA-524B9C816B7B}.Debug|x86.ActiveCfg = Debug|Win32
		{4316B510-D65A-4E0B-B5DA-524B9C816B7B}.Debug|x86.Build.0 = Debug|Win32
		{4316B510-D65A-4E0B-B5DA-524B9C816B7B}.Release|x64.ActiveCfg = Release|x64
		{4316B510-D65A-4E0B-B5DA-524B9C816B7B}.Release|x64.Build.0 = Release|x64
		{4316B510-D65A-4E0B-B5DA-524B9C816B7B}.Release|x86.ActiveCfg = Release|Win32
		{4316B510-D65A-4E0B-B5DA-524B9C816B7B}.Release|x86.Build.0 = Release|Win32
		{D425C371-D6D5-425A-B1AE-5C5CB5535771}.Debug|x64.ActiveCfg = Debug|x64
		{D425C371-D6D5-425A-B1AE-5C5CB5535771}.Debug|x64.Build.0 = Debug|x64
		{D425C371-D6D5-425A-B1AE-5C5CB5535771}.Debug|x86.ActiveCfg = Debug|Win32
		{D425C371-D6D5-425A-B1AE-5C5CB5535771}.Debug|x86.Build.0 = Debug|Win32
		{D425C371-D6D5-425A-B1AE-5C5CB5535771}.Release|x64.ActiveCfg = Release|x64
		{D425C371-D6D5-425A-B1AE-5C5CB5535771}.Release|x64.Build.0 = Release|x64
		{D425C371-D6D5-425A-B1AE-5C5CB5535771}.Release|x86.ActiveCfg = Release|Win32
		{D425C371-D6D5-425A-B1AE-5C5CB5535771}.Release|x86.Build.0 = Release|Win32
		{E11FF7CC-3AA6-4518-8B5A-B615A557DB31}.Debug|x64.ActiveCfg = Debug|x64
		{E11FF7CC-3AA6-4518-8B5A-B615A557DB31}.Debug|x64.Build.0 = Debug|x64
		{E11FF7CC-3AA6-4518-8B5A-B615A557DB31}.Debug|x86.ActiveCfg = Debug|Win32
		{E11FF7CC-3AA6-4518-8B5A-B615A557DB31}.Debug|x86.Build.0 = Debug|Win32
		{E11FF7CC-3AA6-4518-8B5A-B615A557DB31}.Release|x64.ActiveCfg = Release|x64
		{E11FF7CC-3AA6-4518-8B5A-B615A557DB31}.Release|x64.Build.0 = Release|x64
		{E11FF7CC-3AA6-4518-8B5A-B615A557DB31}.Release|x86.ActiveCfg = Release|Win32
		{E11FF7CC-3AA6-4518-8B5A-B615A557DB31}.Release|x86.Build.0 = Release|Win32
		{D2D0B850-1BBB-4960-B67A-B48709213D8C}.Debug|x64.ActiveCfg = Debug|x64
		{D2D0B850-1BBB-4960-B67A-B48709213D8C}.Debug|x64.Build.0 = Debug|x64
		{D2D0B850-1BBB-4960-B67A-B48709213D8C}.Debug|x86.ActiveCfg = Debug|Win32
		{D2D0B850-1BBB-4960-B67A-B48709213D8C}.Debug|x86.Build.0 = Debug|Win32
		{D2D0B850-1BBB-4960-B67A-B48709213D8C}.Release|x64.ActiveCfg = Release|x64
		{D2D0B850-1BBB-4960-B67A-B48709213D8C}.Release|x64.Build.0 = Release|x64
		{D2D0B850-1BBB-4960-B67A-B48709213D8C}.Release|x86.ActiveCfg = Release|Win32
		{D2D0B850-1BBB-4960-B67A-B48709213D8C}.Release|x86.Build.0 = Release|Win32
		{0D1779B2-2D7D-437D-A075-EE9D20821C5E}.Debug|x64.ActiveCfg = Debug|x64
		{0D1779B2-2D7D-437D-A075-EE9D20821C5E}.Debug|x64.Build.0 = Debug|x64
		{0D1779B2-2D7D-437D-A075-EE9D20821C5E}.Debug|x86.ActiveCfg = Debug|Win32
		{0D1779B2-2D7D-437D-A075-EE9D20821C5E}.Debug|x86.Build.0 = Debug|Win32
		{0D1779B2-2D7D-437D-A075-EE9D20821C5E}.Release|x64.ActiveCfg = Release|x64
		{0D1779B2-2D7D-437D-A075-EE9D20821C5E}.Release|x64.Build.0 = Release|x64
		{0D1779B2-2D7D-437D-A075-EE9D20821C5E}.Release|x86.ActiveCfg = Release|Win32
		{0D1779B2-2D7D-437D-A075-EE9D20821C5E}.Release|x86.Build.0 = Release|Win32
		{5EFD4BFF-9C85-4B3B-8334-2A37AE718A01}.Debug|x64.ActiveCfg = Debug|x64
		{5EFD4BFF-9C85-4B3B-8334-2A37AE718A01}.Debug|x64.Build.0 = Debug|x64
		{5EFD4BFF-9C85-4B3B-8334-2A37AE718A01}.Debug|x86.ActiveCfg = Debug|Win32
		{5EFD4BFF-9C85-4B3B-8334-2A37AE718A01}.Debug|x86.Build.0 = Debug|Win32
		{5EFD4BFF-9C85-4B3B-8334-2A37AE718A01}.Release|x64.ActiveCfg = Release|x64
		{5EFD4BFF-9C85-4B3B-8334-2A37AE718A01}.Release|x64.Build.0 = Release|x64
		{5EFD4BFF-9C85-4B3B-8334-2A37AE718A01}.Release|x86.ActiveCfg = Release|Win32
		{5EFD4BFF-9C85-4B3B-8334-2A37AE718A01}.Release|x86.Build.0 = Release|Win32
		{DF70D6EB-BA48-494E-B2AD-05B891618815}.Debug|x64.ActiveCfg = Debug|x64
		{DF70D6EB-BA48-494E-B2AD-05B891618815}.Debug|x64.Build.0 = Debug|x64
		{DF70D6EB-BA48-494E-B2AD-05B891618815}.Debug|x86.ActiveCfg = Debug|Win32
		{DF70D6EB-BA48-494E-B2AD-05B891618815}.Debug|x86.Build.0 = Debug|Win32
		{DF70D6EB-BA48-494E-B2AD-05B891618815}.Release|x64.ActiveCfg = Release|x64
		{DF70D6EB-BA48-494E-B2AD-05B891618815}.Release|x64.Build.0 = Release|x64
		{DF70D6EB-BA48-494E-B2AD-05B891618815}.Release|x86.ActiveCfg = Release|Win32
		{DF70D6EB-BA48-494E-B2AD-05B891618815}.Release|x86.Build.0 = Release|Win32
		{4032CEB8-5986-4016-9711-441499F5FA3F}.Debug|x64.ActiveCfg = Debug|x64
		{4032CEB8-5986-4016-9711-441499F5FA3F}.Debug|x64.Build.0 = Debug|x64
		{4032CEB8-5986-4016-9711-441499F5FA3F}.Debug|x86.ActiveCfg = Debug|Win32
		{4032CEB8-5986-4016-9711-441499F5FA3F}.Debug|x86.Build.0 = Debug|Win32
		{4032CEB8-5986-4016-9711-441499F5FA3F}.Release|x64.ActiveCfg = Release|x64
		{4032CEB8-5986-4016-9711-441499F5FA3F}.Release|x64.Build.0 = Release|x64
		{4032CEB8-5986-4016-9711-441499F5FA3F}.Release|x86.ActiveCfg = Release|Win32
		{4032CEB8-5986-4016-9711-441499F5FA3F}.Release|x86.Build.0 = Release|Win32
		{A0F9EE3C-9E8F-405D-B64D-9A441CDF6553}.Debug|x64.ActiveCfg = Debug|x64
		{A0F9EE3C-9E8F-405D-B64D-9A441CDF6553}.Debug|x64.Build.0 = Debug|x64
		{A0F9EE3C-9E8F-405D-B64D-9A441CDF6553}.Debug|x86.ActiveCfg = Debug|Win32
		{A0F9EE3C-9E8F-405D-B64D-9A441CDF6553}.Debug|x86.Build.0 = Debug|Win32
		{A0F9EE3C-9E8F-405D-B64D-9A441CDF6553}.Release|x64.ActiveCfg = Release|x64
		{A0F9EE3C-9E8F-405D-B64D-9A441CDF6553}.Release|x64.Build.0 = Release|x64
		{A0F9EE3C-9E8F-405D-B64D-9A441CDF6553}.Release|x86.ActiveCfg = Release|Win32
		{A0F9EE3C-9E8F-405D-B64D-9A441CDF6553}.Release|x86.Build.0 = Release|Win32
	EndGlobalSection
	GlobalSection(SolutionProperties) = preSolution
		HideSolutionNode = FALSE
	EndGlobalSection
	GlobalSection(NestedProjects) = preSolution
		{E04F050D-343D-43B8-BD1E-E33929A8063F} = {E089126E-CD6C-4F7E-BB79-BFEE7975C7E4}
		{E089126E-CD6C-4F7E-BB79-BFEE7975C7E4} = {2F61C196-CC63-4A94-BB50-BD9482A8F9BD}
		{7CA10C35-3461-4FB1-83C8-4642DC5BAE6B} = {2F61C196-CC63-4A94-BB50-BD9482A8F9BD}
		{10E1D68D-85A1-4269-9DF3-12595557934A} = {7CA10C35-3461-4FB1-83C8-4642DC5BAE6B}
		{10DF61CE-07DF-46AF-AA8C-10421A28F1B4} = {2F61C196-CC63-4A94-BB50-BD9482A8F9BD}
		{1DD12603-FBE7-49F6-AFBA-7F8217A9CA0B} = {10DF61CE-07DF-46AF-AA8C-10421A28F1B4}
		{CD10246F-32B5-4BEE-A8DA-C26E41FFBA66} = {2F61C196-CC63-4A94-BB50-BD9482A8F9BD}
		{0282FEEC-86D4-4CB1-AC25-C9D5C62E98E5} = {CD10246F-32B5-4BEE-A8DA-C26E41FFBA66}
		{84503FD4-5D2E-4FC1-AE12-0764F2EC9E92} = {2F61C196-CC63-4A94-BB50-BD9482A8F9BD}
		{F1A02474-7613-4E75-8755-1E739C9B193C} = {84503FD4-5D2E-4FC1-AE12-0764F2EC9E92}
		{17C6374F-C228-4EF1-9524-FCD091CB40A0} = {84503FD4-5D2E-4FC1-AE12-0764F2EC9E92}
		{093922A5-EEC4-45A4-AC94-8F1B76B0B832} = {84503FD4-5D2E-4FC1-AE12-0764F2EC9E92}
		{E4F94EEC-14B5-49ED-9841-75A19426E9A5} = {E089126E-CD6C-4F7E-BB79-BFEE7975C7E4}
		{B72B90C2-2545-447E-9174-F2620807A87E} = {2F61C196-CC63-4A94-BB50-BD9482A8F9BD}
		{B419CDE3-2CA9-4517-B970-4C48944A5ABD} = {B72B90C2-2545-447E-9174-F2620807A87E}
		{F7E8EFC3-9207-4396-B742-39968873881C} = {B72B90C2-2545-447E-9174-F2620807A87E}
		{C31457CD-A96E-4290-BA96-52B383727C63} = {B72B90C2-2545-447E-9174-F2620807A87E}
		{2EC482C7-E9DE-42F0-A873-C9F589A167D8} = {B72B90C2-2545-447E-9174-F2620807A87E}
		{085B0EED-4949-42E5-BF01-A8BDA56869BF} = {B72B90C2-2545-447E-9174-F2620807A87E}
		{CCDA0DA0-908D-4C2B-9F2C-53BB56C91C51} = {2F61C196-CC63-4A94-BB50-BD9482A8F9BD}
		{0E9B635C-7B09-4DD3-9BC7-35158C2C7C3A} = {CCDA0DA0-908D-4C2B-9F2C-53BB56C91C51}
		{57DFDC2C-D83B-424D-A92F-5ECF213E911E} = {CCDA0DA0-908D-4C2B-9F2C-53BB56C91C51}
		{E6AD4993-BBEE-49C6-82C9-6F7292205431} = {CCDA0DA0-908D-4C2B-9F2C-53BB56C91C51}
		{E01D57E7-4260-42F9-9827-D13A49A039C2} = {CCDA0DA0-908D-4C2B-9F2C-53BB56C91C51}
		{0B7FF940-E3AD-468B-884E-121C8BC54434} = {CCDA0DA0-908D-4C2B-9F2C-53BB56C91C51}
		{771345BF-CE98-4202-ADF6-68242841F2D0} = {CCDA0DA0-908D-4C2B-9F2C-53BB56C91C51}
		{99D92694-C68F-43D4-8E13-BE86116FB4D6} = {CCDA0DA0-908D-4C2B-9F2C-53BB56C91C51}
		{2A072EE4-2A5C-48D8-A9EF-3D6D6AF7E260} = {E089126E-CD6C-4F7E-BB79-BFEE7975C7E4}
		{EF9DD8C7-9732-428E-8C7F-D11CCC0DDD28} = {E089126E-CD6C-4F7E-BB79-BFEE7975C7E4}
		{384C1CBE-C433-441A-9966-589EA08960D9} = {E089126E-CD6C-4F7E-BB79-BFEE7975C7E4}
		{D4128DF1-7ABC-4352-BA1E-C6370D5EE9FD} = {E089126E-CD6C-4F7E-BB79-BFEE7975C7E4}
		{43BC7411-98F1-4A24-90A5-6D9FE3A7E103} = {E089126E-CD6C-4F7E-BB79-BFEE7975C7E4}
		{74EA9D2A-8A0C-4492-A902-F3A3D15E1865} = {E089126E-CD6C-4F7E-BB79-BFEE7975C7E4}
		{C6EFB8CA-52CD-4468-9218-F1A5FE008487} = {E089126E-CD6C-4F7E-BB79-BFEE7975C7E4}
		{E8E25FCF-22C5-4378-9979-9C8C2F4C335E} = {2F61C196-CC63-4A94-BB50-BD9482A8F9BD}
		{0F7143CE-BD3C-41EE-940A-58E6EBA2C503} = {E8E25FCF-22C5-4378-9979-9C8C2F4C335E}
		{CBD74C70-E687-41DF-8C93-BD82ED9AF265} = {E8E25FCF-22C5-4378-9979-9C8C2F4C335E}
		{CCBA6F10-07CC-49CB-B516-C150964D7978} = {E8E25FCF-22C5-4378-9979-9C8C2F4C335E}
		{D4FE92D3-786F-4B7E-BD69-FDA519B3893E} = {E8E25FCF-22C5-4378-9979-9C8C2F4C335E}
		{9145A064-2409-487B-BBDC-3B2ADA9628C8} = {E8E25FCF-22C5-4378-9979-9C8C2F4C335E}
		{4D6547A1-BE8B-4ACB-ABAF-3611CEFE2430} = {E8E25FCF-22C5-4378-9979-9C8C2F4C335E}
		{46A5BEF6-0C4C-450A-B165-8F0BD4208239} = {E8E25FCF-22C5-4378-9979-9C8C2F4C335E}
		{956C5A49-FD31-4229-9947-B71E1CFBC943} = {E8E25FCF-22C5-4378-9979-9C8C2F4C335E}
		{8B5E06E0-1507-4A35-B9EA-BC78268D2560} = {E8E25FCF-22C5-4378-9979-9C8C2F4C335E}
		{659AD411-27CE-4D67-9B03-6D3BA2E45851} = {E8E25FCF-22C5-4378-9979-9C8C2F4C335E}
		{3CB6B69E-95FE-4AE9-B724-60F6217A561D} = {E8E25FCF-22C5-4378-9979-9C8C2F4C335E}
		{15373386-0EE5-48F4-9EE2-9A52D8835B86} = {2F61C196-CC63-4A94-BB50-BD9482A8F9BD}
		{491AA4AC-DB2A-4F71-B30A-A6BF183177B8} = {15373386-0EE5-48F4-9EE2-9A52D8835B86}
		{068417C2-A8F8-4896-BDA3-3D23EA4CDDAF} = {15373386-0EE5-48F4-9EE2-9A52D8835B86}
		{5C0DC1B3-7881-4B1A-8860-E05F6F1C4A9F} = {15373386-0EE5-48F4-9EE2-9A52D8835B86}
		{B87710AC-0D53-4B45-A89C-D0C753D4C5F1} = {15373386-0EE5-48F4-9EE2-9A52D8835B86}
		{69578B12-110D-4190-AEA3-A652F0B1D643} = {7CA10C35-3461-4FB1-83C8-4642DC5BAE6B}
		{88ECA7F0-F27E-43A8-A8AD-840AC654ADE2} = {7CA10C35-3461-4FB1-83C8-4642DC5BAE6B}
		{4DD8F8BE-522A-4E1A-8C04-61B0412DD551} = {7CA10C35-3461-4FB1-83C8-4642DC5BAE6B}
		{A4022F42-DCE0-4A70-B004-C937CE580402} = {7CA10C35-3461-4FB1-83C8-4642DC5BAE6B}
		{2277DAB0-7998-46D6-A85C-44B473582026} = {2F61C196-CC63-4A94-BB50-BD9482A8F9BD}
		{0E964775-D357-4694-B1DB-192B3D0646C4} = {2277DAB0-7998-46D6-A85C-44B473582026}
		{E12FDA35-F0F9-46F1-9717-0C1867F8511D} = {2277DAB0-7998-46D6-A85C-44B473582026}
		{208150CC-5BBC-48C0-82B4-5D65E66C9FF8} = {2277DAB0-7998-46D6-A85C-44B473582026}
		{01A626A6-E621-4C9C-9A81-09D399E07B6A} = {2277DAB0-7998-46D6-A85C-44B473582026}
		{C8F81B87-C166-49B8-BD91-A57030E2C7F5} = {2277DAB0-7998-46D6-A85C-44B473582026}
		{4316B510-D65A-4E0B-B5DA-524B9C816B7B} = {2277DAB0-7998-46D6-A85C-44B473582026}
		{D425C371-D6D5-425A-B1AE-5C5CB5535771} = {2277DAB0-7998-46D6-A85C-44B473582026}
		{E11FF7CC-3AA6-4518-8B5A-B615A557DB31} = {2277DAB0-7998-46D6-A85C-44B473582026}
		{D2D0B850-1BBB-4960-B67A-B48709213D8C} = {2277DAB0-7998-46D6-A85C-44B473582026}
		{D7C2D034-EECE-4C51-BAD4-3548B28D3510} = {2F61C196-CC63-4A94-BB50-BD9482A8F9BD}
		{0D1779B2-2D7D-437D-A075-EE9D20821C5E} = {D7C2D034-EECE-4C51-BAD4-3548B28D3510}
		{5EFD4BFF-9C85-4B3B-8334-2A37AE718A01} = {D7C2D034-EECE-4C51-BAD4-3548B28D3510}
		{DF70D6EB-BA48-494E-B2AD-05B891618815} = {D7C2D034-EECE-4C51-BAD4-3548B28D3510}
		{4032CEB8-5986-4016-9711-441499F5FA3F} = {D7C2D034-EECE-4C51-BAD4-3548B28D3510}
		{A0F9EE3C-9E8F-405D-B64D-9A441CDF6553} = {D7C2D034-EECE-4C51-BAD4-3548B28D3510}
	EndGlobalSection
	GlobalSection(ExtensibilityGlobals) = postSolution
		SolutionGuid = {66783801-A91D-4FA9-A115-1592B1EB0518}
	EndGlobalSection
EndGlobal
