<?xml version="1.0" encoding="utf-8"?>
<Project ToolsVersion="4.0" xmlns="http://schemas.microsoft.com/developer/msbuild/2003">
  <ItemGroup>
    <Filter Include="리소스 파일">
      <UniqueIdentifier>{67DA6AB6-F800-4c08-8B7A-83BB121AAD01}</UniqueIdentifier>
      <Extensions>rc;ico;cur;bmp;dlg;rc2;rct;bin;rgs;gif;jpg;jpeg;jpe;resx;tiff;tif;png;wav;mfcribbon-ms</Extensions>
    </Filter>
    <Filter Include="programmers">
      <UniqueIdentifier>{cd35f50f-885f-4e39-9f2e-bd016dcc6d74}</UniqueIdentifier>
    </Filter>
  </ItemGroup>
  <ItemGroup>
    <ClCompile Include="BastAlbum.cpp">
      <Filter>programmers</Filter>
    </ClCompile>
    <ClCompile Include="BiggestNumber.cpp">
      <Filter>programmers</Filter>
    </ClCompile>
    <ClCompile Include="Camouflage.cpp">
      <Filter>programmers</Filter>
    </ClCompile>
    <ClCompile Include="Carpet.cpp">
      <Filter>programmers</Filter>
    </ClCompile>
    <ClCompile Include="DiskController.cpp">
      <Filter>programmers</Filter>
    </ClCompile>
    <ClCompile Include="ExhaustiveSearch.cpp">
      <Filter>programmers</Filter>
    </ClCompile>
    <ClCompile Include="FarthestNode.cpp">
      <Filter>programmers</Filter>
    </ClCompile>
    <ClCompile Include="GymClothes.cpp">
      <Filter>programmers</Filter>
    </ClCompile>
    <ClCompile Include="Immigration.cpp">
      <Filter>programmers</Filter>
    </ClCompile>
    <ClCompile Include="IntegerTriangle.cpp">
      <Filter>programmers</Filter>
    </ClCompile>
    <ClCompile Include="Joystick.cpp">
      <Filter>programmers</Filter>
    </ClCompile>
    <ClCompile Include="MoreSpicy.cpp">
      <Filter>programmers</Filter>
    </ClCompile>
    <ClCompile Include="Network.cpp">
      <Filter>programmers</Filter>
    </ClCompile>
    <ClCompile Include="NExpression.cpp">
      <Filter>programmers</Filter>
    </ClCompile>
    <ClCompile Include="Sort.cpp">
      <Filter>programmers</Filter>
    </ClCompile>
    <ClCompile Include="StockPrice.cpp">
      <Filter>programmers</Filter>
    </ClCompile>
    <ClCompile Include="TargetNumber.cpp">
      <Filter>programmers</Filter>
    </ClCompile>
    <ClCompile Include="UnitTest.cpp">
      <Filter>programmers</Filter>
    </ClCompile>
    <ClCompile Include="SteppingStone.cpp">
      <Filter>programmers</Filter>
    </ClCompile>
    <ClCompile Include="pch.cpp" />
    <ClCompile Include="Rank.cpp">
      <Filter>programmers</Filter>
    </ClCompile>
    <ClCompile Include="FunctionDevelop.cpp">
      <Filter>programmers</Filter>
    </ClCompile>
    <ClCompile Include="DoubleEndedPriorityQueue.cpp">
      <Filter>programmers</Filter>
    </ClCompile>
    <ClCompile Include="HIndex.cpp">
      <Filter>programmers</Filter>
    </ClCompile>
    <ClCompile Include="MockTest.cpp">
      <Filter>programmers</Filter>
    </ClCompile>
  </ItemGroup>
  <ItemGroup>
    <ClInclude Include="pch.h" />
  </ItemGroup>
</Project>