<?xml version="1.0" encoding="utf-8"?>
<Project ToolsVersion="4.0" xmlns="http://schemas.microsoft.com/developer/msbuild/2003">
  <ItemGroup>
    <Filter Include="리소스 파일">
      <UniqueIdentifier>{67DA6AB6-F800-4c08-8B7A-83BB121AAD01}</UniqueIdentifier>
      <Extensions>rc;ico;cur;bmp;dlg;rc2;rct;bin;rgs;gif;jpg;jpeg;jpe;resx;tiff;tif;png;wav;mfcribbon-ms</Extensions>
    </Filter>
    <Filter Include="programmers">
      <UniqueIdentifier>{cd35f50f-885f-4e39-9f2e-bd016dcc6d74}</UniqueIdentifier>
    </Filter>
    <Filter Include="programmers\graph">
      <UniqueIdentifier>{879ef65a-75de-40d8-8cac-41d5cdaed7de}</UniqueIdentifier>
    </Filter>
    <Filter Include="programmers\queue_stack">
      <UniqueIdentifier>{e480561d-b86a-48be-839d-47f41dd0f60e}</UniqueIdentifier>
    </Filter>
    <Filter Include="codility">
      <UniqueIdentifier>{d5372723-7b8d-4273-9025-3ad05c37cb1c}</UniqueIdentifier>
    </Filter>
    <Filter Include="codility\array">
      <UniqueIdentifier>{8dd0832a-bef9-4906-a9f3-38113b1dc7e9}</UniqueIdentifier>
    </Filter>
  </ItemGroup>
  <ItemGroup>
    <ClCompile Include="BastAlbum.cpp">
      <Filter>programmers</Filter>
    </ClCompile>
    <ClCompile Include="BiggestNumber.cpp">
      <Filter>programmers</Filter>
    </ClCompile>
    <ClCompile Include="Camouflage.cpp">
      <Filter>programmers</Filter>
    </ClCompile>
    <ClCompile Include="Carpet.cpp">
      <Filter>programmers</Filter>
    </ClCompile>
    <ClCompile Include="DiskController.cpp">
      <Filter>programmers</Filter>
    </ClCompile>
    <ClCompile Include="ExhaustiveSearch.cpp">
      <Filter>programmers</Filter>
    </ClCompile>
    <ClCompile Include="GymClothes.cpp">
      <Filter>programmers</Filter>
    </ClCompile>
    <ClCompile Include="Immigration.cpp">
      <Filter>programmers</Filter>
    </ClCompile>
    <ClCompile Include="IntegerTriangle.cpp">
      <Filter>programmers</Filter>
    </ClCompile>
    <ClCompile Include="Joystick.cpp">
      <Filter>programmers</Filter>
    </ClCompile>
    <ClCompile Include="MoreSpicy.cpp">
      <Filter>programmers</Filter>
    </ClCompile>
    <ClCompile Include="Network.cpp">
      <Filter>programmers</Filter>
    </ClCompile>
    <ClCompile Include="NExpression.cpp">
      <Filter>programmers</Filter>
    </ClCompile>
    <ClCompile Include="Sort.cpp">
      <Filter>programmers</Filter>
    </ClCompile>
    <ClCompile Include="StockPrice.cpp">
      <Filter>programmers</Filter>
    </ClCompile>
    <ClCompile Include="TargetNumber.cpp">
      <Filter>programmers</Filter>
    </ClCompile>
    <ClCompile Include="UnitTest.cpp">
      <Filter>programmers</Filter>
    </ClCompile>
    <ClCompile Include="SteppingStone.cpp">
      <Filter>programmers</Filter>
    </ClCompile>
    <ClCompile Include="pch.cpp" />
    <ClCompile Include="FunctionDevelop.cpp">
      <Filter>programmers</Filter>
    </ClCompile>
    <ClCompile Include="DoubleEndedPriorityQueue.cpp">
      <Filter>programmers</Filter>
    </ClCompile>
    <ClCompile Include="HIndex.cpp">
      <Filter>programmers</Filter>
    </ClCompile>
    <ClCompile Include="MockTest.cpp">
      <Filter>programmers</Filter>
    </ClCompile>
    <ClCompile Include="BigNumberMake.cpp">
      <Filter>programmers</Filter>
    </ClCompile>
    <ClCompile Include="WayToSchool.cpp">
      <Filter>programmers</Filter>
    </ClCompile>
    <ClCompile Include="WordChange.cpp">
      <Filter>programmers</Filter>
    </ClCompile>
    <ClCompile Include="FarthestNode.cpp">
      <Filter>programmers\graph</Filter>
    </ClCompile>
    <ClCompile Include="RoomCount.cpp">
      <Filter>programmers\graph</Filter>
    </ClCompile>
    <ClCompile Include="Rank.cpp">
      <Filter>programmers\graph</Filter>
    </ClCompile>
    <ClCompile Include="printer.cpp">
      <Filter>programmers\queue_stack</Filter>
    </ClCompile>
    <ClCompile Include="BinaryGap.cpp">
      <Filter>codility</Filter>
    </ClCompile>
    <ClCompile Include="CyclicRotation.cpp">
      <Filter>codility\array</Filter>
    </ClCompile>
    <ClCompile Include="FrogJmp.cpp">
      <Filter>codility\array</Filter>
    </ClCompile>
  </ItemGroup>
  <ItemGroup>
    <ClInclude Include="pch.h" />
  </ItemGroup>
</Project>